
Microsoft Visual Studio Solution File, Format Version 12.00
# Visual Studio Version 16
VisualStudioVersion = 16.0.34902.97
MinimumVisualStudioVersion = 10.0.40219.1
Project("{FAE04EC0-301F-11D3-BF4B-00C04F79EFBC}") = "Gw2Archipelago", "Gw2Archipelago.csproj", "{D4F7D87E-488A-4D2F-8846-BFCA015FB381}"
EndProject
Global
	GlobalSection(SolutionConfigurationPlatforms) = preSolution
		Debug|Any CPU = Debug|Any CPU
		Release|Any CPU = Release|Any CPU
	EndGlobalSection
	GlobalSection(ProjectConfigurationPlatforms) = postSolution
		{D4F7D87E-488A-4D2F-8846-BFCA015FB381}.Debug|Any CPU.ActiveCfg = Debug|Any CPU
		{D4F7D87E-488A-4D2F-8846-BFCA015FB381}.Debug|Any CPU.Build.0 = Debug|Any CPU
		{D4F7D87E-488A-4D2F-8846-BFCA015FB381}.Release|Any CPU.ActiveCfg = Release|Any CPU
		{D4F7D87E-488A-4D2F-8846-BFCA015FB381}.Release|Any CPU.Build.0 = Release|Any CPU
	EndGlobalSection
	GlobalSection(SolutionProperties) = preSolution
		HideSolutionNode = FALSE
	EndGlobalSection
	GlobalSection(ExtensibilityGlobals) = postSolution
		SolutionGuid = {5F8EBA5C-0EBB-4EAF-BE40-0069BB4B198A}
	EndGlobalSection
EndGlobal
